
Microsoft Visual Studio Solution File, Format Version 12.00
# Visual Studio Version 17
VisualStudioVersion = 17.9.34714.143
MinimumVisualStudioVersion = 10.0.40219.1
Project("{FAE04EC0-301F-11D3-BF4B-00C04F79EFBC}") = "TERA.CA.OnlineBank.UI", "TERA.CA.OnlineBank.UI\TERA.CA.OnlineBank.UI.csproj", "{575E83A8-58FB-4D36-8B95-544F11DA9F15}"
EndProject
Project("{FAE04EC0-301F-11D3-BF4B-00C04F79EFBC}") = "TERA.CA.OnlineBank.Core", "TERA.CA.OnlineBank.Core\TERA.CA.OnlineBank.Core.csproj", "{90BC83CC-010F-4259-8910-A19116F6FE85}"
EndProject
Project("{FAE04EC0-301F-11D3-BF4B-00C04F79EFBC}") = "TERA.Ca.OnlineBank.Domain", "TERA.Ca.OnlineBank.Domain\TERA.Ca.OnlineBank.Domain.csproj", "{48ABDE5D-E09A-4E81-B2AE-8928E5B5E94F}"
EndProject
Global
	GlobalSection(SolutionConfigurationPlatforms) = preSolution
		Debug|Any CPU = Debug|Any CPU
		Release|Any CPU = Release|Any CPU
	EndGlobalSection
	GlobalSection(ProjectConfigurationPlatforms) = postSolution
		{575E83A8-58FB-4D36-8B95-544F11DA9F15}.Debug|Any CPU.ActiveCfg = Debug|Any CPU
		{575E83A8-58FB-4D36-8B95-544F11DA9F15}.Debug|Any CPU.Build.0 = Debug|Any CPU
		{575E83A8-58FB-4D36-8B95-544F11DA9F15}.Release|Any CPU.ActiveCfg = Release|Any CPU
		{575E83A8-58FB-4D36-8B95-544F11DA9F15}.Release|Any CPU.Build.0 = Release|Any CPU
		{90BC83CC-010F-4259-8910-A19116F6FE85}.Debug|Any CPU.ActiveCfg = Debug|Any CPU
		{90BC83CC-010F-4259-8910-A19116F6FE85}.Debug|Any CPU.Build.0 = Debug|Any CPU
		{90BC83CC-010F-4259-8910-A19116F6FE85}.Release|Any CPU.ActiveCfg = Release|Any CPU
		{90BC83CC-010F-4259-8910-A19116F6FE85}.Release|Any CPU.Build.0 = Release|Any CPU
		{48ABDE5D-E09A-4E81-B2AE-8928E5B5E94F}.Debug|Any CPU.ActiveCfg = Debug|Any CPU
		{48ABDE5D-E09A-4E81-B2AE-8928E5B5E94F}.Debug|Any CPU.Build.0 = Debug|Any CPU
		{48ABDE5D-E09A-4E81-B2AE-8928E5B5E94F}.Release|Any CPU.ActiveCfg = Release|Any CPU
		{48ABDE5D-E09A-4E81-B2AE-8928E5B5E94F}.Release|Any CPU.Build.0 = Release|Any CPU
	EndGlobalSection
	GlobalSection(SolutionProperties) = preSolution
		HideSolutionNode = FALSE
	EndGlobalSection
	GlobalSection(ExtensibilityGlobals) = postSolution
		SolutionGuid = {D9031452-254D-4F64-8BB1-893BF989AB6C}
	EndGlobalSection
EndGlobal
